
Microsoft Visual Studio Solution File, Format Version 12.00
# Visual Studio Version 17
VisualStudioVersion = 17.3.32825.248
MinimumVisualStudioVersion = 10.0.40219.1
Project("{9A19103F-16F7-4668-BE54-9A1E7A4F7556}") = "Sortpersonbynameage", "ConsoleApp1\Sortpersonbynameage.csproj", "{12716F58-BEEE-472F-9235-47A62B441584}"
EndProject
Project("{FAE04EC0-301F-11D3-BF4B-00C04F79EFBC}") = "Salary", "Salary\Salary.csproj", "{8DCF95AC-861D-49A4-9636-32550877F40D}"
EndProject
Project("{FAE04EC0-301F-11D3-BF4B-00C04F79EFBC}") = "Team", "Team\Team.csproj", "{03A99886-37CE-4231-984F-247FFCECC38F}"
EndProject
Global
	GlobalSection(SolutionConfigurationPlatforms) = preSolution
		Debug|Any CPU = Debug|Any CPU
		Release|Any CPU = Release|Any CPU
	EndGlobalSection
	GlobalSection(ProjectConfigurationPlatforms) = postSolution
		{12716F58-BEEE-472F-9235-47A62B441584}.Debug|Any CPU.ActiveCfg = Debug|Any CPU
		{12716F58-BEEE-472F-9235-47A62B441584}.Debug|Any CPU.Build.0 = Debug|Any CPU
		{12716F58-BEEE-472F-9235-47A62B441584}.Release|Any CPU.ActiveCfg = Release|Any CPU
		{12716F58-BEEE-472F-9235-47A62B441584}.Release|Any CPU.Build.0 = Release|Any CPU
		{8DCF95AC-861D-49A4-9636-32550877F40D}.Debug|Any CPU.ActiveCfg = Debug|Any CPU
		{8DCF95AC-861D-49A4-9636-32550877F40D}.Debug|Any CPU.Build.0 = Debug|Any CPU
		{8DCF95AC-861D-49A4-9636-32550877F40D}.Release|Any CPU.ActiveCfg = Release|Any CPU
		{8DCF95AC-861D-49A4-9636-32550877F40D}.Release|Any CPU.Build.0 = Release|Any CPU
		{03A99886-37CE-4231-984F-247FFCECC38F}.Debug|Any CPU.ActiveCfg = Debug|Any CPU
		{03A99886-37CE-4231-984F-247FFCECC38F}.Debug|Any CPU.Build.0 = Debug|Any CPU
		{03A99886-37CE-4231-984F-247FFCECC38F}.Release|Any CPU.ActiveCfg = Release|Any CPU
		{03A99886-37CE-4231-984F-247FFCECC38F}.Release|Any CPU.Build.0 = Release|Any CPU
	EndGlobalSection
	GlobalSection(SolutionProperties) = preSolution
		HideSolutionNode = FALSE
	EndGlobalSection
	GlobalSection(ExtensibilityGlobals) = postSolution
		SolutionGuid = {5717B6F3-3E5A-49BC-9D50-821886382592}
	EndGlobalSection
EndGlobal
